
Microsoft Visual Studio Solution File, Format Version 12.00
# Visual Studio Version 17
VisualStudioVersion = 17.5.002.0
MinimumVisualStudioVersion = 10.0.40219.1
Project("{9A19103F-16F7-4668-BE54-9A1E7A4F7556}") = "zoological-zaniness", "zoological-zaniness.csproj", "{680D9F26-49E7-48D7-A51B-1F88B0093CF9}"
EndProject
Global
	GlobalSection(SolutionConfigurationPlatforms) = preSolution
		Debug|Any CPU = Debug|Any CPU
		Release|Any CPU = Release|Any CPU
	EndGlobalSection
	GlobalSection(ProjectConfigurationPlatforms) = postSolution
		{680D9F26-49E7-48D7-A51B-1F88B0093CF9}.Debug|Any CPU.ActiveCfg = Debug|Any CPU
		{680D9F26-49E7-48D7-A51B-1F88B0093CF9}.Debug|Any CPU.Build.0 = Debug|Any CPU
		{680D9F26-49E7-48D7-A51B-1F88B0093CF9}.Release|Any CPU.ActiveCfg = Release|Any CPU
		{680D9F26-49E7-48D7-A51B-1F88B0093CF9}.Release|Any CPU.Build.0 = Release|Any CPU
	EndGlobalSection
	GlobalSection(SolutionProperties) = preSolution
		HideSolutionNode = FALSE
	EndGlobalSection
	GlobalSection(ExtensibilityGlobals) = postSolution
		SolutionGuid = {2514DDBA-0BD5-4CB1-BB12-31C1DF67BB02}
	EndGlobalSection
EndGlobal
